// !$*UTF8*$!
{
	archiveVersion = 1;
	classes = {
	};
	objectVersion = 77;
	objects = {

/* Begin PBXContainerItemProxy section */
		DEE9CF0000000000000001A7 /* PBXContainerItemProxy */ = {
			isa = PBXContainerItemProxy;
			containerPortal = 19AD22D52FC58AE700C243D0 /* Project object */;
			proxyType = 1;
			remoteGlobalIDString = 19AD22DC2FC58AE700C243D0;
			remoteInfo = Deep;
		};
/* End PBXContainerItemProxy section */

/* Begin PBXFileReference section */
		19AD22DD2FC58AE700C243D0 /* Deep.app */ = {isa = PBXFileReference; explicitFileType = wrapper.application; includeInIndex = 0; path = Deep.app; sourceTree = BUILT_PRODUCTS_DIR; };
		DEE9CF0000000000000001A1 /* DeepTests.xctest */ = {isa = PBXFileReference; explicitFileType = wrapper.cfbundle; includeInIndex = 0; path = DeepTests.xctest; sourceTree = BUILT_PRODUCTS_DIR; };
		DEE9CF0000000000000000B0 /* Base.xcconfig */ = {isa = PBXFileReference; lastKnownFileType = text.xcconfig; path = Base.xcconfig; sourceTree = "<group>"; };
		DEE9CF0000000000000000B1 /* Dev.xcconfig */ = {isa = PBXFileReference; lastKnownFileType = text.xcconfig; path = Dev.xcconfig; sourceTree = "<group>"; };
		DEE9CF0000000000000000B2 /* Staging.xcconfig */ = {isa = PBXFileReference; lastKnownFileType = text.xcconfig; path = Staging.xcconfig; sourceTree = "<group>"; };
		DEE9CF0000000000000000B3 /* Pilot.xcconfig */ = {isa = PBXFileReference; lastKnownFileType = text.xcconfig; path = Pilot.xcconfig; sourceTree = "<group>"; };
		DEE9CF0000000000000000B4 /* Prod.xcconfig */ = {isa = PBXFileReference; lastKnownFileType = text.xcconfig; path = Prod.xcconfig; sourceTree = "<group>"; };
		DEE9CF0000000000000000B5 /* Info.plist */ = {isa = PBXFileReference; lastKnownFileType = text.plist.xml; path = Info.plist; sourceTree = "<group>"; };
/* End PBXFileReference section */

/* Begin PBXFileSystemSynchronizedRootGroup section */
		19AD22DF2FC58AE700C243D0 /* Deep */ = {
			isa = PBXFileSystemSynchronizedRootGroup;
			path = Deep;
			sourceTree = "<group>";
		};
		DEE9CF0000000000000001A0 /* DeepTests */ = {
			isa = PBXFileSystemSynchronizedRootGroup;
			path = DeepTests;
			sourceTree = "<group>";
		};
/* End PBXFileSystemSynchronizedRootGroup section */

/* Begin PBXFrameworksBuildPhase section */
		19AD22DA2FC58AE700C243D0 /* Frameworks */ = {
			isa = PBXFrameworksBuildPhase;
			buildActionMask = 2147483647;
			files = (
			);
			runOnlyForDeploymentPostprocessing = 0;
		};
		DEE9CF0000000000000001A4 /* Frameworks */ = {
			isa = PBXFrameworksBuildPhase;
			buildActionMask = 2147483647;
			files = (
			);
			runOnlyForDeploymentPostprocessing = 0;
		};
/* End PBXFrameworksBuildPhase section */

/* Begin PBXGroup section */
		19AD22D42FC58AE700C243D0 = {
			isa = PBXGroup;
			children = (
				DEE9CF0000000000000000A0 /* Config */,
				19AD22DF2FC58AE700C243D0 /* Deep */,
				DEE9CF0000000000000001A0 /* DeepTests */,
				19AD22DE2FC58AE700C243D0 /* Products */,
			);
			sourceTree = "<group>";
		};
		19AD22DE2FC58AE700C243D0 /* Products */ = {
			isa = PBXGroup;
			children = (
				19AD22DD2FC58AE700C243D0 /* Deep.app */,
				DEE9CF0000000000000001A1 /* DeepTests.xctest */,
			);
			name = Products;
			sourceTree = "<group>";
		};
		DEE9CF0000000000000000A0 /* Config */ = {
			isa = PBXGroup;
			children = (
				DEE9CF0000000000000000B0 /* Base.xcconfig */,
				DEE9CF0000000000000000B1 /* Dev.xcconfig */,
				DEE9CF0000000000000000B2 /* Staging.xcconfig */,
				DEE9CF0000000000000000B3 /* Pilot.xcconfig */,
				DEE9CF0000000000000000B4 /* Prod.xcconfig */,
				DEE9CF0000000000000000B5 /* Info.plist */,
			);
			path = Config;
			sourceTree = "<group>";
		};
/* End PBXGroup section */

/* Begin PBXNativeTarget section */
		19AD22DC2FC58AE700C243D0 /* Deep */ = {
			isa = PBXNativeTarget;
			buildConfigurationList = 19AD22E82FC58AE800C243D0 /* Build configuration list for PBXNativeTarget "Deep" */;
			buildPhases = (
				19AD22D92FC58AE700C243D0 /* Sources */,
				19AD22DA2FC58AE700C243D0 /* Frameworks */,
				19AD22DB2FC58AE700C243D0 /* Resources */,
			);
			buildRules = (
			);
			dependencies = (
			);
			fileSystemSynchronizedGroups = (
				19AD22DF2FC58AE700C243D0 /* Deep */,
			);
			name = Deep;
			packageProductDependencies = (
			);
			productName = Deep;
			productReference = 19AD22DD2FC58AE700C243D0 /* Deep.app */;
			productType = "com.apple.product-type.application";
		};
		DEE9CF0000000000000001A2 /* DeepTests */ = {
			isa = PBXNativeTarget;
			buildConfigurationList = DEE9CF0000000000000001A8 /* Build configuration list for PBXNativeTarget "DeepTests" */;
			buildPhases = (
				DEE9CF0000000000000001A3 /* Sources */,
				DEE9CF0000000000000001A4 /* Frameworks */,
				DEE9CF0000000000000001A5 /* Resources */,
			);
			buildRules = (
			);
			dependencies = (
				DEE9CF0000000000000001A6 /* PBXTargetDependency */,
			);
			fileSystemSynchronizedGroups = (
				DEE9CF0000000000000001A0 /* DeepTests */,
			);
			name = DeepTests;
			packageProductDependencies = (
			);
			productName = DeepTests;
			productReference = DEE9CF0000000000000001A1 /* DeepTests.xctest */;
			productType = "com.apple.product-type.bundle.unit-test";
		};
/* End PBXNativeTarget section */

/* Begin PBXProject section */
		19AD22D52FC58AE700C243D0 /* Project object */ = {
			isa = PBXProject;
			attributes = {
				BuildIndependentTargetsInParallel = 1;
				LastSwiftUpdateCheck = 2630;
				LastUpgradeCheck = 2630;
				TargetAttributes = {
					19AD22DC2FC58AE700C243D0 = {
						CreatedOnToolsVersion = 26.3;
					};
					DEE9CF0000000000000001A2 = {
						CreatedOnToolsVersion = 26.3;
						TestTargetID = 19AD22DC2FC58AE700C243D0;
					};
				};
			};
			buildConfigurationList = 19AD22D82FC58AE700C243D0 /* Build configuration list for PBXProject "Deep" */;
			developmentRegion = en;
			hasScannedForEncodings = 0;
			knownRegions = (
				en,
				Base,
			);
			mainGroup = 19AD22D42FC58AE700C243D0;
			minimizedProjectReferenceProxies = 1;
			preferredProjectObjectVersion = 77;
			productRefGroup = 19AD22DE2FC58AE700C243D0 /* Products */;
			projectDirPath = "";
			projectRoot = "";
			targets = (
				19AD22DC2FC58AE700C243D0 /* Deep */,
				DEE9CF0000000000000001A2 /* DeepTests */,
			);
		};
/* End PBXProject section */

/* Begin PBXResourcesBuildPhase section */
		19AD22DB2FC58AE700C243D0 /* Resources */ = {
			isa = PBXResourcesBuildPhase;
			buildActionMask = 2147483647;
			files = (
			);
			runOnlyForDeploymentPostprocessing = 0;
		};
		DEE9CF0000000000000001A5 /* Resources */ = {
			isa = PBXResourcesBuildPhase;
			buildActionMask = 2147483647;
			files = (
			);
			runOnlyForDeploymentPostprocessing = 0;
		};
/* End PBXResourcesBuildPhase section */

/* Begin PBXSourcesBuildPhase section */
		19AD22D92FC58AE700C243D0 /* Sources */ = {
			isa = PBXSourcesBuildPhase;
			buildActionMask = 2147483647;
			files = (
			);
			runOnlyForDeploymentPostprocessing = 0;
		};
		DEE9CF0000000000000001A3 /* Sources */ = {
			isa = PBXSourcesBuildPhase;
			buildActionMask = 2147483647;
			files = (
			);
			runOnlyForDeploymentPostprocessing = 0;
		};
/* End PBXSourcesBuildPhase section */

/* Begin PBXTargetDependency section */
		DEE9CF0000000000000001A6 /* PBXTargetDependency */ = {
			isa = PBXTargetDependency;
			target = 19AD22DC2FC58AE700C243D0 /* Deep */;
			targetProxy = DEE9CF0000000000000001A7 /* PBXContainerItemProxy */;
		};
/* End PBXTargetDependency section */

/* Begin XCBuildConfiguration section */
		DEE9CF00000000000000C001 /* Dev */ = {
			isa = XCBuildConfiguration;
			baseConfigurationReference = DEE9CF0000000000000000B1 /* Dev.xcconfig */;
			buildSettings = {
			};
			name = Dev;
		};
		DEE9CF00000000000000C002 /* Staging */ = {
			isa = XCBuildConfiguration;
			baseConfigurationReference = DEE9CF0000000000000000B2 /* Staging.xcconfig */;
			buildSettings = {
			};
			name = Staging;
		};
		DEE9CF00000000000000C003 /* Pilot */ = {
			isa = XCBuildConfiguration;
			baseConfigurationReference = DEE9CF0000000000000000B3 /* Pilot.xcconfig */;
			buildSettings = {
			};
			name = Pilot;
		};
		DEE9CF00000000000000C004 /* Prod */ = {
			isa = XCBuildConfiguration;
			baseConfigurationReference = DEE9CF0000000000000000B4 /* Prod.xcconfig */;
			buildSettings = {
			};
			name = Prod;
		};
		DEE9CF00000000000000D001 /* Dev */ = {
			isa = XCBuildConfiguration;
			baseConfigurationReference = DEE9CF0000000000000000B1 /* Dev.xcconfig */;
			buildSettings = {
				INFOPLIST_KEY_CFBundleDisplayName = DEEP;
				SUPPORTED_PLATFORMS = "iphoneos iphonesimulator";
				SUPPORTS_MACCATALYST = NO;
				SUPPORTS_MAC_DESIGNED_FOR_IPHONE_IPAD = NO;
				SUPPORTS_XR_DESIGNED_FOR_IPHONE_IPAD = NO;
				TARGETED_DEVICE_FAMILY = 1;
			};
			name = Dev;
		};
		DEE9CF00000000000000D002 /* Staging */ = {
			isa = XCBuildConfiguration;
			baseConfigurationReference = DEE9CF0000000000000000B2 /* Staging.xcconfig */;
			buildSettings = {
				INFOPLIST_KEY_CFBundleDisplayName = DEEP;
				SUPPORTED_PLATFORMS = "iphoneos iphonesimulator";
				SUPPORTS_MACCATALYST = NO;
				SUPPORTS_MAC_DESIGNED_FOR_IPHONE_IPAD = NO;
				SUPPORTS_XR_DESIGNED_FOR_IPHONE_IPAD = NO;
				TARGETED_DEVICE_FAMILY = 1;
			};
			name = Staging;
		};
		DEE9CF00000000000000D003 /* Pilot */ = {
			isa = XCBuildConfiguration;
			baseConfigurationReference = DEE9CF0000000000000000B3 /* Pilot.xcconfig */;
			buildSettings = {
				INFOPLIST_KEY_CFBundleDisplayName = DEEP;
				SUPPORTED_PLATFORMS = "iphoneos iphonesimulator";
				SUPPORTS_MACCATALYST = NO;
				SUPPORTS_MAC_DESIGNED_FOR_IPHONE_IPAD = NO;
				SUPPORTS_XR_DESIGNED_FOR_IPHONE_IPAD = NO;
				TARGETED_DEVICE_FAMILY = 1;
			};
			name = Pilot;
		};
		DEE9CF00000000000000D004 /* Prod */ = {
			isa = XCBuildConfiguration;
			baseConfigurationReference = DEE9CF0000000000000000B4 /* Prod.xcconfig */;
			buildSettings = {
				INFOPLIST_KEY_CFBundleDisplayName = DEEP;
				SUPPORTED_PLATFORMS = "iphoneos iphonesimulator";
				SUPPORTS_MACCATALYST = NO;
				SUPPORTS_MAC_DESIGNED_FOR_IPHONE_IPAD = NO;
				SUPPORTS_XR_DESIGNED_FOR_IPHONE_IPAD = NO;
				TARGETED_DEVICE_FAMILY = 1;
			};
			name = Prod;
		};
		DEE9CF0000000000000001B1 /* Dev */ = {
			isa = XCBuildConfiguration;
			buildSettings = {
				BUNDLE_LOADER = "$(TEST_HOST)";
				CODE_SIGN_STYLE = Automatic;
				DEVELOPMENT_TEAM = D45XUJ5XY2;
				GENERATE_INFOPLIST_FILE = YES;
				IPHONEOS_DEPLOYMENT_TARGET = 26.2;
				PRODUCT_BUNDLE_IDENTIFIER = "io.appbeyond.freelance.Deep.tests";
				PRODUCT_NAME = "$(TARGET_NAME)";
				SWIFT_VERSION = 5.0;
				TARGETED_DEVICE_FAMILY = 1;
				TEST_HOST = "$(BUILT_PRODUCTS_DIR)/Deep.app/$(BUNDLE_EXECUTABLE_FOLDER_PATH)/Deep";
			};
			name = Dev;
		};
		DEE9CF0000000000000001B2 /* Staging */ = {
			isa = XCBuildConfiguration;
			buildSettings = {
				BUNDLE_LOADER = "$(TEST_HOST)";
				CODE_SIGN_STYLE = Automatic;
				DEVELOPMENT_TEAM = D45XUJ5XY2;
				GENERATE_INFOPLIST_FILE = YES;
				IPHONEOS_DEPLOYMENT_TARGET = 26.2;
				PRODUCT_BUNDLE_IDENTIFIER = "io.appbeyond.freelance.Deep.tests";
				PRODUCT_NAME = "$(TARGET_NAME)";
				SWIFT_VERSION = 5.0;
				TARGETED_DEVICE_FAMILY = 1;
				TEST_HOST = "$(BUILT_PRODUCTS_DIR)/Deep.app/$(BUNDLE_EXECUTABLE_FOLDER_PATH)/Deep";
			};
			name = Staging;
		};
		DEE9CF0000000000000001B3 /* Pilot */ = {
			isa = XCBuildConfiguration;
			buildSettings = {
				BUNDLE_LOADER = "$(TEST_HOST)";
				CODE_SIGN_STYLE = Automatic;
				DEVELOPMENT_TEAM = D45XUJ5XY2;
				GENERATE_INFOPLIST_FILE = YES;
				IPHONEOS_DEPLOYMENT_TARGET = 26.2;
				PRODUCT_BUNDLE_IDENTIFIER = "io.appbeyond.freelance.Deep.tests";
				PRODUCT_NAME = "$(TARGET_NAME)";
				SWIFT_VERSION = 5.0;
				TARGETED_DEVICE_FAMILY = 1;
				TEST_HOST = "$(BUILT_PRODUCTS_DIR)/Deep.app/$(BUNDLE_EXECUTABLE_FOLDER_PATH)/Deep";
			};
			name = Pilot;
		};
		DEE9CF0000000000000001B4 /* Prod */ = {
			isa = XCBuildConfiguration;
			buildSettings = {
				BUNDLE_LOADER = "$(TEST_HOST)";
				CODE_SIGN_STYLE = Automatic;
				DEVELOPMENT_TEAM = D45XUJ5XY2;
				GENERATE_INFOPLIST_FILE = YES;
				IPHONEOS_DEPLOYMENT_TARGET = 26.2;
				PRODUCT_BUNDLE_IDENTIFIER = "io.appbeyond.freelance.Deep.tests";
				PRODUCT_NAME = "$(TARGET_NAME)";
				SWIFT_VERSION = 5.0;
				TARGETED_DEVICE_FAMILY = 1;
				TEST_HOST = "$(BUILT_PRODUCTS_DIR)/Deep.app/$(BUNDLE_EXECUTABLE_FOLDER_PATH)/Deep";
			};
			name = Prod;
		};
/* End XCBuildConfiguration section */

/* Begin XCConfigurationList section */
		19AD22D82FC58AE700C243D0 /* Build configuration list for PBXProject "Deep" */ = {
			isa = XCConfigurationList;
			buildConfigurations = (
				DEE9CF00000000000000C001 /* Dev */,
				DEE9CF00000000000000C002 /* Staging */,
				DEE9CF00000000000000C003 /* Pilot */,
				DEE9CF00000000000000C004 /* Prod */,
			);
			defaultConfigurationIsVisible = 0;
			defaultConfigurationName = Dev;
		};
		19AD22E82FC58AE800C243D0 /* Build configuration list for PBXNativeTarget "Deep" */ = {
			isa = XCConfigurationList;
			buildConfigurations = (
				DEE9CF00000000000000D001 /* Dev */,
				DEE9CF00000000000000D002 /* Staging */,
				DEE9CF00000000000000D003 /* Pilot */,
				DEE9CF00000000000000D004 /* Prod */,
			);
			defaultConfigurationIsVisible = 0;
			defaultConfigurationName = Dev;
		};
		DEE9CF0000000000000001A8 /* Build configuration list for PBXNativeTarget "DeepTests" */ = {
			isa = XCConfigurationList;
			buildConfigurations = (
				DEE9CF0000000000000001B1 /* Dev */,
				DEE9CF0000000000000001B2 /* Staging */,
				DEE9CF0000000000000001B3 /* Pilot */,
				DEE9CF0000000000000001B4 /* Prod */,
			);
			defaultConfigurationIsVisible = 0;
			defaultConfigurationName = Dev;
		};
/* End XCConfigurationList section */
	};
	rootObject = 19AD22D52FC58AE700C243D0 /* Project object */;
}
